{
  "version": 4,
  "terraform_version": "1.14.3",
  "serial": 141,
  "lineage": "dfa86717-ab1a-7284-a407-94601e1019ae",
  "outputs": {},
  "resources": [
    {
      "mode": "data",
      "type": "azurerm_client_config",
      "name": "current",
      "provider": "provider[\"registry.terraform.io/hashicorp/azurerm\"]",
      "instances": [
        {
          "schema_version": 0,
          "attributes": {
            "client_id": "04b07795-8ddb-461a-bbee-02f9e1bf7b46",
            "id": "Y2xpZW50Q29uZmlncy9jbGllbnRJZD0wNGIwNzc5NS04ZGRiLTQ2MWEtYmJlZS0wMmY5ZTFiZjdiNDY7b2JqZWN0SWQ9ZWM0YjJkYWQtMDUxMC00ZDZiLWEzMGUtZjBhNWIyNTYwNzJhO3N1YnNjcmlwdGlvbklkPWU1ZTRhZTY5LTEwOTItNDkyYy1iYTZhLTExNjE1MDVkOTcxMTt0ZW5hbnRJZD1iZDY5N2MxYi1jNDgxLTQ3OWMtODQxZS1jNjE4NTQyNjc1YzM=",
            "object_id": "ec4b2dad-0510-4d6b-a30e-f0a5b256072a",
            "subscription_id": "e5e4ae69-1092-492c-ba6a-1161505d9711",
            "tenant_id": "bd697c1b-c481-479c-841e-c618542675c3",
            "timeouts": null
          },
          "sensitive_attributes": [],
          "identity_schema_version": 0
        }
      ]
    },
    {
      "mode": "managed",
      "type": "azurerm_container_registry",
      "name": "acr",
      "provider": "provider[\"registry.terraform.io/hashicorp/azurerm\"]",
      "instances": [
        {
          "schema_version": 2,
          "attributes": {
            "admin_enabled": true,
            "admin_password": "4YOUlMyVrXfKqwwfJPGbb5mmB11vF8l83QB7w91U5g17cxKhXefWJQQJ99CAAC3pKaREqg7NAAACAZCRcQ4c",
            "admin_username": "acroslpprod002",
            "anonymous_pull_enabled": false,
            "data_endpoint_enabled": false,
            "encryption": [
              {
                "enabled": false,
                "identity_client_id": "",
                "key_vault_key_id": ""
              }
            ],
            "export_policy_enabled": true,
            "georeplications": [],
            "id": "/subscriptions/e5e4ae69-1092-492c-ba6a-1161505d9711/resourceGroups/rg-oslp-prod-002/providers/Microsoft.ContainerRegistry/registries/acroslpprod002",
            "identity": [],
            "location": "eastasia",
            "login_server": "acroslpprod002.azurecr.io",
            "name": "acroslpprod002",
            "network_rule_bypass_option": "AzureServices",
            "network_rule_set": [
              {
                "default_action": "Allow",
                "ip_rule": [],
                "virtual_network": []
              }
            ],
            "public_network_access_enabled": true,
            "quarantine_policy_enabled": false,
            "resource_group_name": "rg-oslp-prod-002",
            "retention_policy": [
              {
                "days": 7,
                "enabled": false
              }
            ],
            "sku": "Premium",
            "tags": {},
            "timeouts": null,
            "trust_policy": [
              {
                "enabled": false
              }
            ],
            "zone_redundancy_enabled": false
          },
          "sensitive_attributes": [
            [
              {
                "type": "get_attr",
                "value": "admin_password"
              }
            ]
          ],
          "identity_schema_version": 0,
          "private": "eyJlMmJmYjczMC1lY2FhLTExZTYtOGY4OC0zNDM2M2JjN2M0YzAiOnsiY3JlYXRlIjoxODAwMDAwMDAwMDAwLCJkZWxldGUiOjE4MDAwMDAwMDAwMDAsInJlYWQiOjMwMDAwMDAwMDAwMCwidXBkYXRlIjoxODAwMDAwMDAwMDAwfSwic2NoZW1hX3ZlcnNpb24iOiIyIn0=",
          "dependencies": [
            "azurerm_resource_group.rg"
          ]
        }
      ]
    },
    {
      "mode": "managed",
      "type": "azurerm_key_vault",
      "name": "kv",
      "provider": "provider[\"registry.terraform.io/hashicorp/azurerm\"]",
      "instances": [
        {
          "schema_version": 2,
          "attributes": {
            "access_policy": [],
            "contact": [],
            "enable_rbac_authorization": false,
            "enabled_for_deployment": false,
            "enabled_for_disk_encryption": false,
            "enabled_for_template_deployment": false,
            "id": "/subscriptions/e5e4ae69-1092-492c-ba6a-1161505d9711/resourceGroups/rg-oslp-prod-002/providers/Microsoft.KeyVault/vaults/kv-oslp-prod-001",
            "location": "eastasia",
            "name": "kv-oslp-prod-001",
            "network_acls": [
              {
                "bypass": "AzureServices",
                "default_action": "Allow",
                "ip_rules": [],
                "virtual_network_subnet_ids": []
              }
            ],
            "public_network_access_enabled": true,
            "purge_protection_enabled": false,
            "resource_group_name": "rg-oslp-prod-002",
            "sku_name": "standard",
            "soft_delete_retention_days": 7,
            "tags": {},
            "tenant_id": "bd697c1b-c481-479c-841e-c618542675c3",
            "timeouts": null,
            "vault_uri": "https://kv-oslp-prod-001.vault.azure.net/"
          },
          "sensitive_attributes": [],
          "identity_schema_version": 0,
          "private": "eyJlMmJmYjczMC1lY2FhLTExZTYtOGY4OC0zNDM2M2JjN2M0YzAiOnsiY3JlYXRlIjoxODAwMDAwMDAwMDAwLCJkZWxldGUiOjE4MDAwMDAwMDAwMDAsInJlYWQiOjMwMDAwMDAwMDAwMCwidXBkYXRlIjoxODAwMDAwMDAwMDAwfSwic2NoZW1hX3ZlcnNpb24iOiIyIn0=",
          "dependencies": [
            "azurerm_resource_group.rg",
            "data.azurerm_client_config.current"
          ]
        }
      ]
    },
    {
      "mode": "managed",
      "type": "azurerm_kubernetes_cluster",
      "name": "aks",
      "provider": "provider[\"registry.terraform.io/hashicorp/azurerm\"]",
      "instances": [
        {
          "schema_version": 2,
          "attributes": {
            "aci_connector_linux": [],
            "api_server_access_profile": [],
            "api_server_authorized_ip_ranges": [],
            "auto_scaler_profile": [],
            "automatic_channel_upgrade": "",
            "azure_active_directory_role_based_access_control": [],
            "azure_policy_enabled": null,
            "confidential_computing": [],
            "cost_analysis_enabled": false,
            "current_kubernetes_version": "1.33.6",
            "custom_ca_trust_certificates_base64": null,
            "default_node_pool": [
              {
                "capacity_reservation_group_id": "",
                "custom_ca_trust_enabled": false,
                "enable_auto_scaling": false,
                "enable_host_encryption": false,
                "enable_node_public_ip": false,
                "fips_enabled": false,
                "gpu_instance": "",
                "host_group_id": "",
                "kubelet_config": [],
                "kubelet_disk_type": "OS",
                "linux_os_config": [],
                "max_count": 0,
                "max_pods": 30,
                "message_of_the_day": "",
                "min_count": 0,
                "name": "default",
                "node_count": 2,
                "node_labels": {},
                "node_network_profile": [],
                "node_public_ip_prefix_id": "",
                "node_taints": null,
                "only_critical_addons_enabled": false,
                "orchestrator_version": "1.33",
                "os_disk_size_gb": 128,
                "os_disk_type": "Managed",
                "os_sku": "Ubuntu",
                "pod_subnet_id": "",
                "proximity_placement_group_id": "",
                "scale_down_mode": "Delete",
                "snapshot_id": "",
                "tags": null,
                "temporary_name_for_rotation": "",
                "type": "VirtualMachineScaleSets",
                "ultra_ssd_enabled": false,
                "upgrade_settings": [
                  {
                    "drain_timeout_in_minutes": 0,
                    "max_surge": "10%",
                    "node_soak_duration_in_minutes": 0
                  }
                ],
                "vm_size": "Standard_B2s_v2",
                "vnet_subnet_id": "/subscriptions/e5e4ae69-1092-492c-ba6a-1161505d9711/resourceGroups/rg-oslp-prod-002/providers/Microsoft.Network/virtualNetworks/vnet-oslp-prod-001/subnets/snet-compute",
                "workload_runtime": "",
                "zones": null
              }
            ],
            "disk_encryption_set_id": "",
            "dns_prefix": "oslp-aks",
            "dns_prefix_private_cluster": "",
            "edge_zone": "",
            "enable_pod_security_policy": false,
            "fqdn": "oslp-aks-oj5jp4rp.hcp.eastasia.azmk8s.io",
            "http_application_routing_enabled": null,
            "http_application_routing_zone_name": null,
            "http_proxy_config": [],
            "id": "/subscriptions/e5e4ae69-1092-492c-ba6a-1161505d9711/resourceGroups/rg-oslp-prod-002/providers/Microsoft.ContainerService/managedClusters/aks-oslp-prod-001",
            "identity": [
              {
                "identity_ids": null,
                "principal_id": "45b4cf80-e2c6-4a9b-871a-43d7bb0a3b6e",
                "tenant_id": "bd697c1b-c481-479c-841e-c618542675c3",
                "type": "SystemAssigned"
              }
            ],
            "image_cleaner_enabled": false,
            "image_cleaner_interval_hours": 48,
            "ingress_application_gateway": [],
            "key_management_service": [],
            "key_vault_secrets_provider": [],
            "kube_admin_config": [],
            "kube_admin_config_raw": "",
            "kube_config": [
              {
                "client_certificate": "LS0tLS1CRUdJTiBDRVJUSUZJQ0FURS0tLS0tCk1JSUZIakNDQXdhZ0F3SUJBZ0lSQUtEbGQ2RHJYWHQ5VzJQQ2c3OHlmT2d3RFFZSktvWklodmNOQVFFTEJRQXcKRFRFTE1Ba0dBMVVFQXhNQ1kyRXdIaGNOTWpZd01USTNNRGd6T1RVMFdoY05Namd3TVRJM01EZzBPVFUwV2pBdwpNUmN3RlFZRFZRUUtFdzV6ZVhOMFpXMDZiV0Z6ZEdWeWN6RVZNQk1HQTFVRUF4TU1iV0Z6ZEdWeVkyeHBaVzUwCk1JSUNJakFOQmdrcWhraUc5dzBCQVFFRkFBT0NBZzhBTUlJQ0NnS0NBZ0VBdzFtYnJoZ1VEdys1ZHRxcmRTRkUKT28yZ2cweHV2eXZXaTEwSTJKaFRuaGVlOUZGeHRDOHVBUzQwRnJ3MGkrQlVPUEpqWGJmOHBFczV4ZmtVK2x0ZAp5anhZZlprbG5ESDFlYVRQNWNOcmF6b1o5bXdhSWVpN2VFM3E4OHVOL2tGU0xROFBDYlZHdERIVVoyNGtEb21LCnVoa1dLUlZ0VjJ2RXc1SWd3Qm9zdFRla0Q3TDd4djkrTFNrZkdwTFVHTE1QUEsyd3ZTTHl6ajdjNU1QUHFXejkKeU52d0FENXJjWi9PS3VrQUVyNlRPSEpOSndObzhEQ1lDUjJGRnRQM0RhZlNoUGs3NDBkdmpqanAyK1VzelM1SAowb3lseHkxRCtJald3TWplOVNLWFF0OTBPS1A5U1lOMEV2ZnFCR1FuK0lsNlkyVCt2dHV3MThqdnpNM2lZSldRCmxISlc2L01rWHBzRThEM0lxRVFORDg1dE5MVHE5TkY1ZlBrVDNtbDFrb0UwZERrVC8rVHlVZzFnT2pXUkttaFgKcVFXNkJSSEhtcERzMmN1eXdtZWRjOEJSYjdqMkJhWEUzNEkxbEVMdGZ2bWxoMmRxQXg2L1AwQk1hUGZvc3Q0NAo5bVBNd0p5Rkw2R1cxbnRNdTVGYS8ydFk1K0FSZWViVWwxWUFieVZPUzZiVnlFaDRDeXd1YkZNenl1Sm10VXEwCndOVk1LaThxRlBBbEFmeXR4bFpudUt2eUIyTDJNaS9ncjdCSlNDNUJDOHVnWWdtaDBMRm90WjdjZGw1SkZzT0UKTTB3UEs4TlFFVW1iMmszVThjcENXRzhqRFNYb3krR1hDRmFSbDU0Sk12dnFOOEZvZC9ZQWJnVUVZcEFQS2lVZQpSclJ6OXpudTFOVHNkMUtpRElRaTJTOENBd0VBQWFOV01GUXdEZ1lEVlIwUEFRSC9CQVFEQWdXZ01CTUdBMVVkCkpRUU1NQW9HQ0NzR0FRVUZCd01DTUF3R0ExVWRFd0VCL3dRQ01BQXdId1lEVlIwakJCZ3dGb0FVOGJjK1RDc2UKRzZ0d3BBZmZ4WXhVV3JtMnlyNHdEUVlKS29aSWh2Y05BUUVMQlFBRGdnSUJBRWhwbTRNVm9kUllIN3Q5dnZXdgpUY1dESFVRcVBLcGw5K3BCNnFGZnI2SXlPQ2Q2RVpHUCtvMVdNTjJzVFkxUE5PQnh2SmNaNkRVNzVhazlKeXdzCi9JV3ZOZTBjckJZaUpaVFA1eEJnaGxtMjB2MXNaVlBVL3J1RzY3d2ZZSVNyQmJYaWhKNERteUp1VkN0NUNrKzgKT1NQakR3Kzdod3JqWWJNdzduUExZc01MOU9VUFREL3BRdDlJby9QTTRkQ3E5SHZzU0YxaU1QQUZHYmRpaVBsbQppUGFYd2IwYjVLR0lVWG5LSEJhZ2hmcmt1ajF2M0N4bEdlUWFBWXVxSE5Cd2o4VjFyZ01kNEg1QlRkb2I4elJOCmxtT3dVZW53R1l0ZXVjMk1GdGFMbVI3N1pjV080Q3hySEE3ZUVGWG5LY3dOYW5yUWdQZzlhSExrUm5IT0RabDQKOUI0dC9wUlkrMU5lMGZPSUZZV2liMFBvOE4vaE9DUUFPeFo1Mlh1RVV5RlQrOHdGK3hXMk5jVTVDOHA3T3VjLwpZREUwQWc3bGE0WStzTk4xY3h6U3RvenRJdFJtU0V0ZXhSMDlqMkRkTlQyVE1UOHBOTm91Q2R0Nld3enNRUTcxCkRzNGUrRTJtM1RHMkE2VHJQL0FHL3lkaWQ5U05EaXo4T2hLZ1JsUE9qTFRtVXlYQzI1ZVhJZ1VGbnFseHV5ZlYKc2xuT3Q3Zi80TTlsczZYZFNFQVN5Z2ltc3BxTWFXOXlPVUNsK0NGbEh1dk9haXRNVVNxa1QwR3JSbzlWdkl1cApBa1V2SjliMGRYM0JVdS9VK1F6K3lnQk1CdmVUbmwwZEpHeGtRc2ZENDNMZmd3RWJRNEovbGp0dDJMWUlhckFHCnN6NzlySG94V2NMaFhNSDRlWHJKVVVkSQotLS0tLUVORCBDRVJUSUZJQ0FURS0tLS0tCg==",
                "client_key": "LS0tLS1CRUdJTiBSU0EgUFJJVkFURSBLRVktLS0tLQpNSUlKS1FJQkFBS0NBZ0VBdzFtYnJoZ1VEdys1ZHRxcmRTRkVPbzJnZzB4dXZ5dldpMTBJMkpoVG5oZWU5RkZ4CnRDOHVBUzQwRnJ3MGkrQlVPUEpqWGJmOHBFczV4ZmtVK2x0ZHlqeFlmWmtsbkRIMWVhVFA1Y05yYXpvWjltd2EKSWVpN2VFM3E4OHVOL2tGU0xROFBDYlZHdERIVVoyNGtEb21LdWhrV0tSVnRWMnZFdzVJZ3dCb3N0VGVrRDdMNwp4djkrTFNrZkdwTFVHTE1QUEsyd3ZTTHl6ajdjNU1QUHFXejl5TnZ3QUQ1cmNaL09LdWtBRXI2VE9ISk5Kd05vCjhEQ1lDUjJGRnRQM0RhZlNoUGs3NDBkdmpqanAyK1VzelM1SDBveWx4eTFEK0lqV3dNamU5U0tYUXQ5ME9LUDkKU1lOMEV2ZnFCR1FuK0lsNlkyVCt2dHV3MThqdnpNM2lZSldRbEhKVzYvTWtYcHNFOEQzSXFFUU5EODV0TkxUcQo5TkY1ZlBrVDNtbDFrb0UwZERrVC8rVHlVZzFnT2pXUkttaFhxUVc2QlJISG1wRHMyY3V5d21lZGM4QlJiN2oyCkJhWEUzNEkxbEVMdGZ2bWxoMmRxQXg2L1AwQk1hUGZvc3Q0NDltUE13SnlGTDZHVzFudE11NUZhLzJ0WTUrQVIKZWViVWwxWUFieVZPUzZiVnlFaDRDeXd1YkZNenl1Sm10VXEwd05WTUtpOHFGUEFsQWZ5dHhsWm51S3Z5QjJMMgpNaS9ncjdCSlNDNUJDOHVnWWdtaDBMRm90WjdjZGw1SkZzT0VNMHdQSzhOUUVVbWIyazNVOGNwQ1dHOGpEU1hvCnkrR1hDRmFSbDU0Sk12dnFOOEZvZC9ZQWJnVUVZcEFQS2lVZVJyUno5em51MU5Uc2QxS2lESVFpMlM4Q0F3RUEKQVFLQ0FnQkNPTmZDRWk2R2xvMklJWU83SHE1YTdSVHJQWmRUWGlDS09OMGRVN0lRNXkvKzRiY2FYbDRKajJpZwpCbWdIdk9IQU5rY0NCN053M0lGMnY4UGhST1RNQUYzOUlkUHltYXI5OUNWMzNhSEdCVG0wNUJ1TndEQUJEZVRtCmhXd2FzM2tRaGtqU1FTMzVPdVVtdE5zclJHd1BQeDdZaVlkNStiSUhuRHRXOCtpUS9BNDFOamNNMUNLcFc0WE0KUTliN2tvUEpUWllhMzhTUXJ4WEJ4VEZaM1hWQXlISVpHdy9nUWt5cEZqaHNva2NVL1FaemdiL3FvSWFCbkl5MwoydDRtdG12eW9PeXcxTkFYMWVwTkhXanRHMUhFcWVJdTNZVHJ0VE9id2R4M0hDVkx5YVZENkMrZVlwNFFLaE9lCkxuZXdWS1oxR0ZFVlVUTW5TMW9qUXU0SlVOcGtKMDNpaTg1eEtFaE14TXFDb3JVVTJLa2xvVi92RThSNkg2aGQKeEdPQ0VYejBpSjFicktncmlJZUVCMWFna2cxczdBcmRHZHZWR0Q1STVTU1BibGp1eEFRS0ZNanp5S0VRQmZBYgpvR3duV3hUblNNbGdXeHZEcDFKMDlFM0FZOFpNSUhSbDc0dTZQcUdxc3l3a3lFUWFNcEdXSTFBejY2N09xVWZZCmprUDI2R0MrVmRkZyt1bmI0OGwrLzZiUVpwRUg5N251Z0pyR1ZXdVE1RlBZSG9zcU9hMzc4bzl3NEtVZTZDUE0KZHJyTHdnTFFtSHVYbXJjSGhHLzU3dVcrejJJSWIzTlpkWjlEMURhU3VyRjY3NVF1ZXV6bGhYdXUrUUFZa3VUZgpmRVpFNFdmaUx5cTZoVXBMb3hxL210N0w3WldrSXIwY2cvQ2x0Z2VTc2FLa09QbUxtUUtDQVFFQS82bmMyVE1HCi8yUk82amdpblJPbEN2Q1FXSzJXajJZRUhsMFh0enYybDNXajFCNTdZRFprb1RZQVhxVXkxeUNDL3pmQWc5SDkKcG91RXVPam1UdDZ2dUxYZFRXYks0Vnh6aEwyZWJqazk3MVlWMng3MzRTNitUR1UxMFBzK1VkZGxvRWdTd201MQp2WjdHdmVlS3B1dktleGZPZlZ0ZUlhWmh6UFJacDVoNERVdDlEOTI3V2hsRGlCU05SU2lKakhidTJqMWVnSUVRCllQazlXcStqc2ZwN1VrWTZQMk8xWGs0VmhudHA1MjhKVjZxL1hYTmEyQ0NicnZXQ092OEg1SkJudDR1SnhKY08KZ0pNdlhTMkdVZFNlZUJBa1hxRDhZMFdxeWo0aFdPREF6NWNUUHVPMVlFRHdCQ2hxeEtzdnpBSXVhcFVuLzZabwpmajdxcFYxN0NKS2xOd0tDQVFFQXc1dHN3SVpQd2hqdDZ5VmRkcUNPbTlrVGI0bzZHTUtFeTkzaXp5M1lObm4rCkxKL2dLUlVMT3VwTHZJUGJySUI1cU5SZytTNXdZbGppWjBhQ000Z3BzUktOSGFoNFJwLzlWY1g1ek5rVmduSWYKbXlOOVc3M2lSODVzR0hhL3l3U1BHZjM2RlM2enU2eVlBRElhd2hVUm5PVFZGeElYK0E2NjdKZ1NsZ01RSWJqLwo3ZGJjZlZteHlGVzAyaWxEQ0V6bHpCZGlKSnNxL0hIRnRLVkxPanZKSmhHZlgvNkNwZlZRSjI4UDFpczRkU1BJCm9EVDdPVHRhcjErbGp2VTAwZ0NYOVJvb2labkZ6bFhtcllUTnByUVl0S3NkNVJyNEt0bTF4NVZmNzlzMkplTGIKSkh5R1Y3alZML0dEYzVTMSs5TWo4NEM3cVR4VmVCNjhyMU9iZnFwbnlRS0NBUUFzTXUrTlZUY0dmQTd3aXhmZwowLzZhYjVCazVFMjlLTVBaZy9xUG9QdzJudzNkcEE5c1NMc0k2ODhRamJyR1drYUxYTllaYy9wSUNxSzlYUFpECitGZWt0VHczSDJnL29iNE8yc0ZEQ1A1ZUhDSFhLZmxzb3FvZmh2ZlEwejZvNDNZY1NabUVwNWdQV2gyOXd3UEQKYTh3cmo2Z1JIL1NjR0ttYnh6cWdzTWxBY3lhQjBiR01HQVlHeHBiTnQvNWZuRWdhenJWQnZnNVkxWDMzNlptQgpNVzZVZ0xPZE5kMnJHaEM2bVNkcjdWUk9KYVREd1NlWmFibkFlNDB5S2RqeGVNMlZlN2dybG5uWlhKaTVvUjh4CmtuSjdDejllWkxKOWJ4UGh0dkFJNzRJbDRWWmdidmx5VkllcUVGcTArV3RmOTVpU3NJcWp0ZDhteERYSXRPcUsKUnQvdEFvSUJBUUNiK0hXNStoN2sxUDM1RHgwOGR2L2ZrekxsTUtIc2xrWlBUTWtLakRLb0ZaUXZ2dmQ5cXBMKwowazI3cnFSZUl6OWUrS0d1YjNJYmFXWjJGUW5DejJMM0Y2VEFMbEpoZGpjSnlzZkpxSnQzSFVySWFIOFB4UlFHClQ3bHZ0Rmh3S0YxMnkwWTYxN2RuQVZOZWJKVmJobk01MkZsMWdPN3QwOGtHMktlUlNEWDN2YzBNdDlPdWUvTy8KbTErT3lYSHl6Mlk0MjdoZEdnRW50QXlDWTM3ZG0waGorNDlLZXVWd01YQk5VVWllYkc0ak1YcExESlA1YWJPQQp2VktFOEU3QzJNaFNIeDZOd2JpeE0xdXhwb0JZMmFnTmY1aGgwNlJvZnBwczMxWFZLc1U5Wm10NDUzWXp3bVR6ClNxK1hYTS9UVWVPTHlXMVpuNHRETWJjZ1VobGQ0Y0RKQW9JQkFRQ2I3NkFORGJEdVRXZzNXWXFoMFdMWnJJNk4KTDZEMlRwZUNQWE9PQjZsM2NuaVNjS0NncEpCSDBJclBKUEZCV04zakQrYTJWUnYvRmVWSmNuM3hYbWNPdXgxbApnSXZUZXlaUkpHZHJCc2NvcHQ5SlBDQWJhSm4xRURzRmRiclVaeE1nTVR4TUxhS2h2c21kODRZSHBTazZpN1dMCjV4QzBlelFMMUsvYkJGZ0NmSFdQb1NLNE9zWTh6ZXVpVHFzUlBGQUkxQlhwWGo3T2QzRWFDdFJpaXgxYWFERUUKQ0lSaUx1WUZ3VUJybDlNUHBxa1NwUUdwSW5BMFpCZjV4V2J4QWlKcTYyZUZuRGk5U1FZSVVwUmVrQlZzeEdxVApEQVUyYm1nQ3VocUVDVUNnak9oV0ZZU0trdGRpWm1ydk1vczdYajhtTlZRZmVINTJCM1poeWxmazFJbTgKLS0tLS1FTkQgUlNBIFBSSVZBVEUgS0VZLS0tLS0K",
                "cluster_ca_certificate": "LS0tLS1CRUdJTiBDRVJUSUZJQ0FURS0tLS0tCk1JSUU2RENDQXRDZ0F3SUJBZ0lRVFJ4cHh2Q0drM2ZCYmhjWlkvYnE1VEFOQmdrcWhraUc5dzBCQVFzRkFEQU4KTVFzd0NRWURWUVFERXdKallUQWdGdzB5TmpBeE1qY3dPRE01TlRSYUdBOHlNRFUyTURFeU56QTRORGsxTkZvdwpEVEVMTUFrR0ExVUVBeE1DWTJFd2dnSWlNQTBHQ1NxR1NJYjNEUUVCQVFVQUE0SUNEd0F3Z2dJS0FvSUNBUUM5CnNIY2QvOUk1NmZXU0FZWFFDNlEwRDUxVkV5V2tyV0tUeFRpVlMwYU1xL1dPanB4aG0vVSttYWZJK3g2R1A4K1AKbHFGQXB3aTVuTkVMVHNLYURQS0ZtNlkra2tsWHIrT3EvNnVtL3N3Q0YrNXorVFVFY3pIaFZnNkdBQ09oREp1Qgo3eTdDdkdLUUdlMk1vNTcyQVFTdDBPdFV3YUd0anRmaVBnQnpkekNTZDlGUHdyZE5UYkZydXRXS1R6NGxmelFRClFlTm96V1E3WHNnVldteG1TVDZtTEhVSlIycXlqMkVQcWlqblRVOTJrTDdqMklmeEk2SEFYbXpxZzNtQm9VKzEKZFJmTW1BMUk1VVIyaEdYSnZmajMzaVh2d2pjb0VWc3hGM0lEL1RzWXhGSDROM2tMT3dLMnpmbVI5SXlpSGhVWgpPU2pGdEYwaU12OTJQNS9iYytVVU5OSEY1UFBJbHhlc3NCQ2NPR2plVFdmRHJuc3plVlZzUEVUZ2o0T0I5Qlg0Cnd3TWt5bUQvamRsbFc1ZGs4UHZVcnh6anRvaVMvQmZrcWtxeHBwUnZJckVHVjZMd2EyL0xRSHFVNFVkczBPK3AKRmVDcHNBYUdPekxmdEJuOEx6VnIvTnNMaURCUEhTSHRjeWlreHg4ZWlYUWNnR1NlTmgvUnpscXJRWkRUczIvWQpKVXZwZDRFVUM3ZGYwMllEOEx0ZkdMbUg3a3RMSW1jWWcvZnczeWk0aWVOMS9GS1NhK0xPek5nWWQ3MWhxSkR2CjNBbXNDZitLV3VLSjZjZFRPLzA4Nk1pUmVNK2hHeG5uWm1rbXpSNEpORm9RNE1KbUUrLzVIN3d3eGgxdGM4REwKVXBBVmhEQ3d6VXQzemlzOFBkU3N3KzUwTDVoUExDU1RLcU1PRUE4cVJRSURBUUFCbzBJd1FEQU9CZ05WSFE4QgpBZjhFQkFNQ0FxUXdEd1lEVlIwVEFRSC9CQVV3QXdFQi96QWRCZ05WSFE0RUZnUVU4YmMrVENzZUc2dHdwQWZmCnhZeFVXcm0yeXI0d0RRWUpLb1pJaHZjTkFRRUxCUUFEZ2dJQkFMY2RPYUNSM3lCS3R5ZjM3N0ZXSG5pdVE4ZGQKVm9ubnMxYTU4Rm51Z1dLUG5UMnVxeDI4L1BPT2hIckdvNE9LRmNyK21JeTdtRVBYcVlxbFRvdk4zeHlGT3dHOApMcXNPNFVxZHNadEhadXRnbkFxMnFqbHhCTkpMQUVaQUVnNTNLNG1kMXpTdlFnTElMLzNuanFpMCtjREtMYjNyCnl2MkZJenRHUUxSNitvVWFrVDBuSDBXTmtuakJVcXFCUEVrcElhOUgrOWkwWUNJbWU5cC9Sd0w1RDJXK0JVVmEKVFdEc0w4OWphQWZLSkhDUGQwbDJRUkd4d24xcXVkSDB0b2t2cmczN3ZUQVJFbGxtSUtWNEU2MGpMd0t3UWQ0VQpIcnhhV3pDbTlkME9uRmxBUDBWM0d2cWdlaENaZHdZdDRIdDFPVVpjWmQvSGhZeWNBbXhiYWRzalFCRVQ1eXFPCkRPNkJ2YkdwR3I2dXBxWUREZExreFdHTmhjcVE1dDV1YkxPVzhRMFFhaGo4eldaVTluTEMzRWNaSUxuRnBOZHAKSHpHQ0FOS2NsOG9FOCtaTExYYjBTdFU4a2NOczJHZDc5NWVHcG1lSWxWV0NVTmNOaG96azBKSWxTSTc2eGFEMQpYLzVhUU9Hd0JmS1V5Snc5SHBoZUVFcEY0T3pQaDNjWDlwSUJDdE9LWExOVTgwaTJYcmpjZENEVVRpeU5RS1YzCitvRndoSWdyTlI4d2p5clptbTRkTDZqdjN0ckxXV21JM2RFLzFVTVRYNmNQT1BaUG5ZUS9HaC9wdW93ckQwdk8KMDZETDdld3UyQVJLRlNqa0l5REpMMldpUitRR0kxNnY5NjJyOVljR2s5V3ZmN0RGbGFLTEhCZ3lqVDJQWlplTQo2dTVVaFJkVlFXWWJxUUNhCi0tLS0tRU5EIENFUlRJRklDQVRFLS0tLS0K",
                "host": "https://oslp-aks-oj5jp4rp.hcp.eastasia.azmk8s.io:443",
                "password": "fz77ue880v54vjdy0sa4uwkptx5faypg8uanln6qn43euv404ymyzjujlluqgb33wjll8pw1pibs4q39ekxd259o6nxbh5uv9k3awmlu0ujnpaztozj52mek674scz06",
                "username": "clusterUser_rg-oslp-prod-002_aks-oslp-prod-001"
              }
            ],
            "kube_config_raw": "apiVersion: v1\nclusters:\n- cluster:\n    certificate-authority-data: LS0tLS1CRUdJTiBDRVJUSUZJQ0FURS0tLS0tCk1JSUU2RENDQXRDZ0F3SUJBZ0lRVFJ4cHh2Q0drM2ZCYmhjWlkvYnE1VEFOQmdrcWhraUc5dzBCQVFzRkFEQU4KTVFzd0NRWURWUVFERXdKallUQWdGdzB5TmpBeE1qY3dPRE01TlRSYUdBOHlNRFUyTURFeU56QTRORGsxTkZvdwpEVEVMTUFrR0ExVUVBeE1DWTJFd2dnSWlNQTBHQ1NxR1NJYjNEUUVCQVFVQUE0SUNEd0F3Z2dJS0FvSUNBUUM5CnNIY2QvOUk1NmZXU0FZWFFDNlEwRDUxVkV5V2tyV0tUeFRpVlMwYU1xL1dPanB4aG0vVSttYWZJK3g2R1A4K1AKbHFGQXB3aTVuTkVMVHNLYURQS0ZtNlkra2tsWHIrT3EvNnVtL3N3Q0YrNXorVFVFY3pIaFZnNkdBQ09oREp1Qgo3eTdDdkdLUUdlMk1vNTcyQVFTdDBPdFV3YUd0anRmaVBnQnpkekNTZDlGUHdyZE5UYkZydXRXS1R6NGxmelFRClFlTm96V1E3WHNnVldteG1TVDZtTEhVSlIycXlqMkVQcWlqblRVOTJrTDdqMklmeEk2SEFYbXpxZzNtQm9VKzEKZFJmTW1BMUk1VVIyaEdYSnZmajMzaVh2d2pjb0VWc3hGM0lEL1RzWXhGSDROM2tMT3dLMnpmbVI5SXlpSGhVWgpPU2pGdEYwaU12OTJQNS9iYytVVU5OSEY1UFBJbHhlc3NCQ2NPR2plVFdmRHJuc3plVlZzUEVUZ2o0T0I5Qlg0Cnd3TWt5bUQvamRsbFc1ZGs4UHZVcnh6anRvaVMvQmZrcWtxeHBwUnZJckVHVjZMd2EyL0xRSHFVNFVkczBPK3AKRmVDcHNBYUdPekxmdEJuOEx6VnIvTnNMaURCUEhTSHRjeWlreHg4ZWlYUWNnR1NlTmgvUnpscXJRWkRUczIvWQpKVXZwZDRFVUM3ZGYwMllEOEx0ZkdMbUg3a3RMSW1jWWcvZnczeWk0aWVOMS9GS1NhK0xPek5nWWQ3MWhxSkR2CjNBbXNDZitLV3VLSjZjZFRPLzA4Nk1pUmVNK2hHeG5uWm1rbXpSNEpORm9RNE1KbUUrLzVIN3d3eGgxdGM4REwKVXBBVmhEQ3d6VXQzemlzOFBkU3N3KzUwTDVoUExDU1RLcU1PRUE4cVJRSURBUUFCbzBJd1FEQU9CZ05WSFE4QgpBZjhFQkFNQ0FxUXdEd1lEVlIwVEFRSC9CQVV3QXdFQi96QWRCZ05WSFE0RUZnUVU4YmMrVENzZUc2dHdwQWZmCnhZeFVXcm0yeXI0d0RRWUpLb1pJaHZjTkFRRUxCUUFEZ2dJQkFMY2RPYUNSM3lCS3R5ZjM3N0ZXSG5pdVE4ZGQKVm9ubnMxYTU4Rm51Z1dLUG5UMnVxeDI4L1BPT2hIckdvNE9LRmNyK21JeTdtRVBYcVlxbFRvdk4zeHlGT3dHOApMcXNPNFVxZHNadEhadXRnbkFxMnFqbHhCTkpMQUVaQUVnNTNLNG1kMXpTdlFnTElMLzNuanFpMCtjREtMYjNyCnl2MkZJenRHUUxSNitvVWFrVDBuSDBXTmtuakJVcXFCUEVrcElhOUgrOWkwWUNJbWU5cC9Sd0w1RDJXK0JVVmEKVFdEc0w4OWphQWZLSkhDUGQwbDJRUkd4d24xcXVkSDB0b2t2cmczN3ZUQVJFbGxtSUtWNEU2MGpMd0t3UWQ0VQpIcnhhV3pDbTlkME9uRmxBUDBWM0d2cWdlaENaZHdZdDRIdDFPVVpjWmQvSGhZeWNBbXhiYWRzalFCRVQ1eXFPCkRPNkJ2YkdwR3I2dXBxWUREZExreFdHTmhjcVE1dDV1YkxPVzhRMFFhaGo4eldaVTluTEMzRWNaSUxuRnBOZHAKSHpHQ0FOS2NsOG9FOCtaTExYYjBTdFU4a2NOczJHZDc5NWVHcG1lSWxWV0NVTmNOaG96azBKSWxTSTc2eGFEMQpYLzVhUU9Hd0JmS1V5Snc5SHBoZUVFcEY0T3pQaDNjWDlwSUJDdE9LWExOVTgwaTJYcmpjZENEVVRpeU5RS1YzCitvRndoSWdyTlI4d2p5clptbTRkTDZqdjN0ckxXV21JM2RFLzFVTVRYNmNQT1BaUG5ZUS9HaC9wdW93ckQwdk8KMDZETDdld3UyQVJLRlNqa0l5REpMMldpUitRR0kxNnY5NjJyOVljR2s5V3ZmN0RGbGFLTEhCZ3lqVDJQWlplTQo2dTVVaFJkVlFXWWJxUUNhCi0tLS0tRU5EIENFUlRJRklDQVRFLS0tLS0K\n    server: https://oslp-aks-oj5jp4rp.hcp.eastasia.azmk8s.io:443\n  name: aks-oslp-prod-001\ncontexts:\n- context:\n    cluster: aks-oslp-prod-001\n    user: clusterUser_rg-oslp-prod-002_aks-oslp-prod-001\n  name: aks-oslp-prod-001\ncurrent-context: aks-oslp-prod-001\nkind: Config\nusers:\n- name: clusterUser_rg-oslp-prod-002_aks-oslp-prod-001\n  user:\n    client-certificate-data: LS0tLS1CRUdJTiBDRVJUSUZJQ0FURS0tLS0tCk1JSUZIakNDQXdhZ0F3SUJBZ0lSQUtEbGQ2RHJYWHQ5VzJQQ2c3OHlmT2d3RFFZSktvWklodmNOQVFFTEJRQXcKRFRFTE1Ba0dBMVVFQXhNQ1kyRXdIaGNOTWpZd01USTNNRGd6T1RVMFdoY05Namd3TVRJM01EZzBPVFUwV2pBdwpNUmN3RlFZRFZRUUtFdzV6ZVhOMFpXMDZiV0Z6ZEdWeWN6RVZNQk1HQTFVRUF4TU1iV0Z6ZEdWeVkyeHBaVzUwCk1JSUNJakFOQmdrcWhraUc5dzBCQVFFRkFBT0NBZzhBTUlJQ0NnS0NBZ0VBdzFtYnJoZ1VEdys1ZHRxcmRTRkUKT28yZ2cweHV2eXZXaTEwSTJKaFRuaGVlOUZGeHRDOHVBUzQwRnJ3MGkrQlVPUEpqWGJmOHBFczV4ZmtVK2x0ZAp5anhZZlprbG5ESDFlYVRQNWNOcmF6b1o5bXdhSWVpN2VFM3E4OHVOL2tGU0xROFBDYlZHdERIVVoyNGtEb21LCnVoa1dLUlZ0VjJ2RXc1SWd3Qm9zdFRla0Q3TDd4djkrTFNrZkdwTFVHTE1QUEsyd3ZTTHl6ajdjNU1QUHFXejkKeU52d0FENXJjWi9PS3VrQUVyNlRPSEpOSndObzhEQ1lDUjJGRnRQM0RhZlNoUGs3NDBkdmpqanAyK1VzelM1SAowb3lseHkxRCtJald3TWplOVNLWFF0OTBPS1A5U1lOMEV2ZnFCR1FuK0lsNlkyVCt2dHV3MThqdnpNM2lZSldRCmxISlc2L01rWHBzRThEM0lxRVFORDg1dE5MVHE5TkY1ZlBrVDNtbDFrb0UwZERrVC8rVHlVZzFnT2pXUkttaFgKcVFXNkJSSEhtcERzMmN1eXdtZWRjOEJSYjdqMkJhWEUzNEkxbEVMdGZ2bWxoMmRxQXg2L1AwQk1hUGZvc3Q0NAo5bVBNd0p5Rkw2R1cxbnRNdTVGYS8ydFk1K0FSZWViVWwxWUFieVZPUzZiVnlFaDRDeXd1YkZNenl1Sm10VXEwCndOVk1LaThxRlBBbEFmeXR4bFpudUt2eUIyTDJNaS9ncjdCSlNDNUJDOHVnWWdtaDBMRm90WjdjZGw1SkZzT0UKTTB3UEs4TlFFVW1iMmszVThjcENXRzhqRFNYb3krR1hDRmFSbDU0Sk12dnFOOEZvZC9ZQWJnVUVZcEFQS2lVZQpSclJ6OXpudTFOVHNkMUtpRElRaTJTOENBd0VBQWFOV01GUXdEZ1lEVlIwUEFRSC9CQVFEQWdXZ01CTUdBMVVkCkpRUU1NQW9HQ0NzR0FRVUZCd01DTUF3R0ExVWRFd0VCL3dRQ01BQXdId1lEVlIwakJCZ3dGb0FVOGJjK1RDc2UKRzZ0d3BBZmZ4WXhVV3JtMnlyNHdEUVlKS29aSWh2Y05BUUVMQlFBRGdnSUJBRWhwbTRNVm9kUllIN3Q5dnZXdgpUY1dESFVRcVBLcGw5K3BCNnFGZnI2SXlPQ2Q2RVpHUCtvMVdNTjJzVFkxUE5PQnh2SmNaNkRVNzVhazlKeXdzCi9JV3ZOZTBjckJZaUpaVFA1eEJnaGxtMjB2MXNaVlBVL3J1RzY3d2ZZSVNyQmJYaWhKNERteUp1VkN0NUNrKzgKT1NQakR3Kzdod3JqWWJNdzduUExZc01MOU9VUFREL3BRdDlJby9QTTRkQ3E5SHZzU0YxaU1QQUZHYmRpaVBsbQppUGFYd2IwYjVLR0lVWG5LSEJhZ2hmcmt1ajF2M0N4bEdlUWFBWXVxSE5Cd2o4VjFyZ01kNEg1QlRkb2I4elJOCmxtT3dVZW53R1l0ZXVjMk1GdGFMbVI3N1pjV080Q3hySEE3ZUVGWG5LY3dOYW5yUWdQZzlhSExrUm5IT0RabDQKOUI0dC9wUlkrMU5lMGZPSUZZV2liMFBvOE4vaE9DUUFPeFo1Mlh1RVV5RlQrOHdGK3hXMk5jVTVDOHA3T3VjLwpZREUwQWc3bGE0WStzTk4xY3h6U3RvenRJdFJtU0V0ZXhSMDlqMkRkTlQyVE1UOHBOTm91Q2R0Nld3enNRUTcxCkRzNGUrRTJtM1RHMkE2VHJQL0FHL3lkaWQ5U05EaXo4T2hLZ1JsUE9qTFRtVXlYQzI1ZVhJZ1VGbnFseHV5ZlYKc2xuT3Q3Zi80TTlsczZYZFNFQVN5Z2ltc3BxTWFXOXlPVUNsK0NGbEh1dk9haXRNVVNxa1QwR3JSbzlWdkl1cApBa1V2SjliMGRYM0JVdS9VK1F6K3lnQk1CdmVUbmwwZEpHeGtRc2ZENDNMZmd3RWJRNEovbGp0dDJMWUlhckFHCnN6NzlySG94V2NMaFhNSDRlWHJKVVVkSQotLS0tLUVORCBDRVJUSUZJQ0FURS0tLS0tCg==\n    client-key-data: LS0tLS1CRUdJTiBSU0EgUFJJVkFURSBLRVktLS0tLQpNSUlKS1FJQkFBS0NBZ0VBdzFtYnJoZ1VEdys1ZHRxcmRTRkVPbzJnZzB4dXZ5dldpMTBJMkpoVG5oZWU5RkZ4CnRDOHVBUzQwRnJ3MGkrQlVPUEpqWGJmOHBFczV4ZmtVK2x0ZHlqeFlmWmtsbkRIMWVhVFA1Y05yYXpvWjltd2EKSWVpN2VFM3E4OHVOL2tGU0xROFBDYlZHdERIVVoyNGtEb21LdWhrV0tSVnRWMnZFdzVJZ3dCb3N0VGVrRDdMNwp4djkrTFNrZkdwTFVHTE1QUEsyd3ZTTHl6ajdjNU1QUHFXejl5TnZ3QUQ1cmNaL09LdWtBRXI2VE9ISk5Kd05vCjhEQ1lDUjJGRnRQM0RhZlNoUGs3NDBkdmpqanAyK1VzelM1SDBveWx4eTFEK0lqV3dNamU5U0tYUXQ5ME9LUDkKU1lOMEV2ZnFCR1FuK0lsNlkyVCt2dHV3MThqdnpNM2lZSldRbEhKVzYvTWtYcHNFOEQzSXFFUU5EODV0TkxUcQo5TkY1ZlBrVDNtbDFrb0UwZERrVC8rVHlVZzFnT2pXUkttaFhxUVc2QlJISG1wRHMyY3V5d21lZGM4QlJiN2oyCkJhWEUzNEkxbEVMdGZ2bWxoMmRxQXg2L1AwQk1hUGZvc3Q0NDltUE13SnlGTDZHVzFudE11NUZhLzJ0WTUrQVIKZWViVWwxWUFieVZPUzZiVnlFaDRDeXd1YkZNenl1Sm10VXEwd05WTUtpOHFGUEFsQWZ5dHhsWm51S3Z5QjJMMgpNaS9ncjdCSlNDNUJDOHVnWWdtaDBMRm90WjdjZGw1SkZzT0VNMHdQSzhOUUVVbWIyazNVOGNwQ1dHOGpEU1hvCnkrR1hDRmFSbDU0Sk12dnFOOEZvZC9ZQWJnVUVZcEFQS2lVZVJyUno5em51MU5Uc2QxS2lESVFpMlM4Q0F3RUEKQVFLQ0FnQkNPTmZDRWk2R2xvMklJWU83SHE1YTdSVHJQWmRUWGlDS09OMGRVN0lRNXkvKzRiY2FYbDRKajJpZwpCbWdIdk9IQU5rY0NCN053M0lGMnY4UGhST1RNQUYzOUlkUHltYXI5OUNWMzNhSEdCVG0wNUJ1TndEQUJEZVRtCmhXd2FzM2tRaGtqU1FTMzVPdVVtdE5zclJHd1BQeDdZaVlkNStiSUhuRHRXOCtpUS9BNDFOamNNMUNLcFc0WE0KUTliN2tvUEpUWllhMzhTUXJ4WEJ4VEZaM1hWQXlISVpHdy9nUWt5cEZqaHNva2NVL1FaemdiL3FvSWFCbkl5MwoydDRtdG12eW9PeXcxTkFYMWVwTkhXanRHMUhFcWVJdTNZVHJ0VE9id2R4M0hDVkx5YVZENkMrZVlwNFFLaE9lCkxuZXdWS1oxR0ZFVlVUTW5TMW9qUXU0SlVOcGtKMDNpaTg1eEtFaE14TXFDb3JVVTJLa2xvVi92RThSNkg2aGQKeEdPQ0VYejBpSjFicktncmlJZUVCMWFna2cxczdBcmRHZHZWR0Q1STVTU1BibGp1eEFRS0ZNanp5S0VRQmZBYgpvR3duV3hUblNNbGdXeHZEcDFKMDlFM0FZOFpNSUhSbDc0dTZQcUdxc3l3a3lFUWFNcEdXSTFBejY2N09xVWZZCmprUDI2R0MrVmRkZyt1bmI0OGwrLzZiUVpwRUg5N251Z0pyR1ZXdVE1RlBZSG9zcU9hMzc4bzl3NEtVZTZDUE0KZHJyTHdnTFFtSHVYbXJjSGhHLzU3dVcrejJJSWIzTlpkWjlEMURhU3VyRjY3NVF1ZXV6bGhYdXUrUUFZa3VUZgpmRVpFNFdmaUx5cTZoVXBMb3hxL210N0w3WldrSXIwY2cvQ2x0Z2VTc2FLa09QbUxtUUtDQVFFQS82bmMyVE1HCi8yUk82amdpblJPbEN2Q1FXSzJXajJZRUhsMFh0enYybDNXajFCNTdZRFprb1RZQVhxVXkxeUNDL3pmQWc5SDkKcG91RXVPam1UdDZ2dUxYZFRXYks0Vnh6aEwyZWJqazk3MVlWMng3MzRTNitUR1UxMFBzK1VkZGxvRWdTd201MQp2WjdHdmVlS3B1dktleGZPZlZ0ZUlhWmh6UFJacDVoNERVdDlEOTI3V2hsRGlCU05SU2lKakhidTJqMWVnSUVRCllQazlXcStqc2ZwN1VrWTZQMk8xWGs0VmhudHA1MjhKVjZxL1hYTmEyQ0NicnZXQ092OEg1SkJudDR1SnhKY08KZ0pNdlhTMkdVZFNlZUJBa1hxRDhZMFdxeWo0aFdPREF6NWNUUHVPMVlFRHdCQ2hxeEtzdnpBSXVhcFVuLzZabwpmajdxcFYxN0NKS2xOd0tDQVFFQXc1dHN3SVpQd2hqdDZ5VmRkcUNPbTlrVGI0bzZHTUtFeTkzaXp5M1lObm4rCkxKL2dLUlVMT3VwTHZJUGJySUI1cU5SZytTNXdZbGppWjBhQ000Z3BzUktOSGFoNFJwLzlWY1g1ek5rVmduSWYKbXlOOVc3M2lSODVzR0hhL3l3U1BHZjM2RlM2enU2eVlBRElhd2hVUm5PVFZGeElYK0E2NjdKZ1NsZ01RSWJqLwo3ZGJjZlZteHlGVzAyaWxEQ0V6bHpCZGlKSnNxL0hIRnRLVkxPanZKSmhHZlgvNkNwZlZRSjI4UDFpczRkU1BJCm9EVDdPVHRhcjErbGp2VTAwZ0NYOVJvb2labkZ6bFhtcllUTnByUVl0S3NkNVJyNEt0bTF4NVZmNzlzMkplTGIKSkh5R1Y3alZML0dEYzVTMSs5TWo4NEM3cVR4VmVCNjhyMU9iZnFwbnlRS0NBUUFzTXUrTlZUY0dmQTd3aXhmZwowLzZhYjVCazVFMjlLTVBaZy9xUG9QdzJudzNkcEE5c1NMc0k2ODhRamJyR1drYUxYTllaYy9wSUNxSzlYUFpECitGZWt0VHczSDJnL29iNE8yc0ZEQ1A1ZUhDSFhLZmxzb3FvZmh2ZlEwejZvNDNZY1NabUVwNWdQV2gyOXd3UEQKYTh3cmo2Z1JIL1NjR0ttYnh6cWdzTWxBY3lhQjBiR01HQVlHeHBiTnQvNWZuRWdhenJWQnZnNVkxWDMzNlptQgpNVzZVZ0xPZE5kMnJHaEM2bVNkcjdWUk9KYVREd1NlWmFibkFlNDB5S2RqeGVNMlZlN2dybG5uWlhKaTVvUjh4CmtuSjdDejllWkxKOWJ4UGh0dkFJNzRJbDRWWmdidmx5VkllcUVGcTArV3RmOTVpU3NJcWp0ZDhteERYSXRPcUsKUnQvdEFvSUJBUUNiK0hXNStoN2sxUDM1RHgwOGR2L2ZrekxsTUtIc2xrWlBUTWtLakRLb0ZaUXZ2dmQ5cXBMKwowazI3cnFSZUl6OWUrS0d1YjNJYmFXWjJGUW5DejJMM0Y2VEFMbEpoZGpjSnlzZkpxSnQzSFVySWFIOFB4UlFHClQ3bHZ0Rmh3S0YxMnkwWTYxN2RuQVZOZWJKVmJobk01MkZsMWdPN3QwOGtHMktlUlNEWDN2YzBNdDlPdWUvTy8KbTErT3lYSHl6Mlk0MjdoZEdnRW50QXlDWTM3ZG0waGorNDlLZXVWd01YQk5VVWllYkc0ak1YcExESlA1YWJPQQp2VktFOEU3QzJNaFNIeDZOd2JpeE0xdXhwb0JZMmFnTmY1aGgwNlJvZnBwczMxWFZLc1U5Wm10NDUzWXp3bVR6ClNxK1hYTS9UVWVPTHlXMVpuNHRETWJjZ1VobGQ0Y0RKQW9JQkFRQ2I3NkFORGJEdVRXZzNXWXFoMFdMWnJJNk4KTDZEMlRwZUNQWE9PQjZsM2NuaVNjS0NncEpCSDBJclBKUEZCV04zakQrYTJWUnYvRmVWSmNuM3hYbWNPdXgxbApnSXZUZXlaUkpHZHJCc2NvcHQ5SlBDQWJhSm4xRURzRmRiclVaeE1nTVR4TUxhS2h2c21kODRZSHBTazZpN1dMCjV4QzBlelFMMUsvYkJGZ0NmSFdQb1NLNE9zWTh6ZXVpVHFzUlBGQUkxQlhwWGo3T2QzRWFDdFJpaXgxYWFERUUKQ0lSaUx1WUZ3VUJybDlNUHBxa1NwUUdwSW5BMFpCZjV4V2J4QWlKcTYyZUZuRGk5U1FZSVVwUmVrQlZzeEdxVApEQVUyYm1nQ3VocUVDVUNnak9oV0ZZU0trdGRpWm1ydk1vczdYajhtTlZRZmVINTJCM1poeWxmazFJbTgKLS0tLS1FTkQgUlNBIFBSSVZBVEUgS0VZLS0tLS0K\n    token: fz77ue880v54vjdy0sa4uwkptx5faypg8uanln6qn43euv404ymyzjujlluqgb33wjll8pw1pibs4q39ekxd259o6nxbh5uv9k3awmlu0ujnpaztozj52mek674scz06\n",
            "kubelet_identity": [
              {
                "client_id": "49612644-5dd9-4cad-9797-1d56f549cc4b",
                "object_id": "169bdb30-2617-4a2e-a6dd-db0e73f1fbee",
                "user_assigned_identity_id": "/subscriptions/e5e4ae69-1092-492c-ba6a-1161505d9711/resourceGroups/MC_rg-oslp-prod-002_aks-oslp-prod-001_eastasia/providers/Microsoft.ManagedIdentity/userAssignedIdentities/aks-oslp-prod-001-agentpool"
              }
            ],
            "kubernetes_version": "1.33",
            "linux_profile": [],
            "local_account_disabled": false,
            "location": "eastasia",
            "maintenance_window": [],
            "maintenance_window_auto_upgrade": [],
            "maintenance_window_node_os": [],
            "microsoft_defender": [],
            "monitor_metrics": [],
            "name": "aks-oslp-prod-001",
            "network_profile": [
              {
                "dns_service_ip": "10.1.0.10",
                "docker_bridge_cidr": "",
                "ebpf_data_plane": "",
                "ip_versions": [
                  "IPv4"
                ],
                "load_balancer_profile": [
                  {
                    "effective_outbound_ips": [
                      "/subscriptions/e5e4ae69-1092-492c-ba6a-1161505d9711/resourceGroups/MC_rg-oslp-prod-002_aks-oslp-prod-001_eastasia/providers/Microsoft.Network/publicIPAddresses/31714e46-72b3-4e80-810d-0acaa5fbbe14"
                    ],
                    "idle_timeout_in_minutes": 0,
                    "managed_outbound_ip_count": 1,
                    "managed_outbound_ipv6_count": 0,
                    "outbound_ip_address_ids": [],
                    "outbound_ip_prefix_ids": [],
                    "outbound_ports_allocated": 0
                  }
                ],
                "load_balancer_sku": "standard",
                "nat_gateway_profile": [],
                "network_data_plane": "azure",
                "network_mode": "",
                "network_plugin": "azure",
                "network_plugin_mode": "",
                "network_policy": "",
                "outbound_ip_address_ids": [],
                "outbound_ip_prefix_ids": [],
                "outbound_type": "loadBalancer",
                "pod_cidr": "",
                "pod_cidrs": [],
                "service_cidr": "10.1.0.0/16",
                "service_cidrs": [
                  "10.1.0.0/16"
                ]
              }
            ],
            "node_os_channel_upgrade": null,
            "node_resource_group": "MC_rg-oslp-prod-002_aks-oslp-prod-001_eastasia",
            "node_resource_group_id": "/subscriptions/e5e4ae69-1092-492c-ba6a-1161505d9711/resourceGroups/MC_rg-oslp-prod-002_aks-oslp-prod-001_eastasia",
            "oidc_issuer_enabled": false,
            "oidc_issuer_url": "",
            "oms_agent": [],
            "open_service_mesh_enabled": null,
            "portal_fqdn": "oslp-aks-oj5jp4rp.portal.hcp.eastasia.azmk8s.io",
            "private_cluster_enabled": false,
            "private_cluster_public_fqdn_enabled": false,
            "private_dns_zone_id": "",
            "private_fqdn": "",
            "public_network_access_enabled": true,
            "resource_group_name": "rg-oslp-prod-002",
            "role_based_access_control_enabled": true,
            "run_command_enabled": true,
            "service_mesh_profile": [],
            "service_principal": [],
            "sku_tier": "Free",
            "storage_profile": [],
            "support_plan": "KubernetesOfficial",
            "tags": null,
            "timeouts": null,
            "web_app_routing": [],
            "windows_profile": [
              {
                "admin_password": "",
                "admin_username": "azureuser",
                "gmsa": [],
                "license": ""
              }
            ],
            "workload_autoscaler_profile": [],
            "workload_identity_enabled": false
          },
          "sensitive_attributes": [
            [
              {
                "type": "get_attr",
                "value": "kube_admin_config"
              }
            ],
            [
              {
                "type": "get_attr",
                "value": "kube_admin_config_raw"
              }
            ],
            [
              {
                "type": "get_attr",
                "value": "kube_config"
              }
            ],
            [
              {
                "type": "get_attr",
                "value": "kube_config_raw"
              }
            ],
            [
              {
                "type": "get_attr",
                "value": "windows_profile"
              },
              {
                "type": "index",
                "value": {
                  "value": 0,
                  "type": "number"
                }
              },
              {
                "type": "get_attr",
                "value": "admin_password"
              }
            ]
          ],
          "identity_schema_version": 0,
          "private": "eyJlMmJmYjczMC1lY2FhLTExZTYtOGY4OC0zNDM2M2JjN2M0YzAiOnsiY3JlYXRlIjo1NDAwMDAwMDAwMDAwLCJkZWxldGUiOjU0MDAwMDAwMDAwMDAsInJlYWQiOjMwMDAwMDAwMDAwMCwidXBkYXRlIjo1NDAwMDAwMDAwMDAwfSwic2NoZW1hX3ZlcnNpb24iOiIyIn0=",
          "dependencies": [
            "azurerm_resource_group.rg",
            "azurerm_subnet.compute_subnet",
            "azurerm_virtual_network.vnet"
          ]
        }
      ]
    },
    {
      "mode": "managed",
      "type": "azurerm_linux_web_app",
      "name": "web",
      "provider": "provider[\"registry.terraform.io/hashicorp/azurerm\"]",
      "instances": [
        {
          "schema_version": 1,
          "attributes": {
            "app_settings": {
              "DOCKER_REGISTRY_SERVER_PASSWORD": "4YOUlMyVrXfKqwwfJPGbb5mmB11vF8l83QB7w91U5g17cxKhXefWJQQJ99CAAC3pKaREqg7NAAACAZCRcQ4c",
              "DOCKER_REGISTRY_SERVER_URL": "https://acroslpprod002.azurecr.io",
              "DOCKER_REGISTRY_SERVER_USERNAME": "acroslpprod002",
              "WEBSITES_PORT": "8000"
            },
            "auth_settings": [],
            "auth_settings_v2": [],
            "backup": [],
            "client_affinity_enabled": false,
            "client_certificate_enabled": false,
            "client_certificate_exclusion_paths": "",
            "client_certificate_mode": "Required",
            "connection_string": [],
            "custom_domain_verification_id": "11148C59254080E30BEF96BCA98FB21B305BE3790B301D232501BB40B847236E",
            "default_hostname": "app-oslp-prod-002.azurewebsites.net",
            "enabled": true,
            "ftp_publish_basic_authentication_enabled": true,
            "hosting_environment_id": "",
            "https_only": false,
            "id": "/subscriptions/e5e4ae69-1092-492c-ba6a-1161505d9711/resourceGroups/rg-oslp-prod-002/providers/Microsoft.Web/sites/app-oslp-prod-002",
            "identity": [],
            "key_vault_reference_identity_id": "SystemAssigned",
            "kind": "app,linux,container",
            "location": "eastasia",
            "logs": [],
            "name": "app-oslp-prod-002",
            "outbound_ip_address_list": [
              "23.100.95.31",
              "13.88.220.46",
              "207.46.156.0",
              "13.70.7.68",
              "13.75.34.162"
            ],
            "outbound_ip_addresses": "23.100.95.31,13.88.220.46,207.46.156.0,13.70.7.68,13.75.34.162",
            "possible_outbound_ip_address_list": [
              "23.100.95.31",
              "13.88.220.46",
              "207.46.156.0",
              "13.70.7.68",
              "13.70.40.131",
              "52.175.56.14",
              "65.52.175.113",
              "23.101.11.245",
              "52.229.201.1",
              "20.255.128.94",
              "20.255.128.110",
              "20.255.128.165",
              "20.255.128.210",
              "20.255.129.18",
              "20.255.129.49",
              "20.24.105.77",
              "20.24.105.81",
              "20.24.105.84",
              "20.24.105.105",
              "20.24.105.157",
              "20.24.105.181",
              "13.75.34.162"
            ],
            "possible_outbound_ip_addresses": "23.100.95.31,13.88.220.46,207.46.156.0,13.70.7.68,13.70.40.131,52.175.56.14,65.52.175.113,23.101.11.245,52.229.201.1,20.255.128.94,20.255.128.110,20.255.128.165,20.255.128.210,20.255.129.18,20.255.129.49,20.24.105.77,20.24.105.81,20.24.105.84,20.24.105.105,20.24.105.157,20.24.105.181,13.75.34.162",
            "public_network_access_enabled": true,
            "resource_group_name": "rg-oslp-prod-002",
            "service_plan_id": "/subscriptions/e5e4ae69-1092-492c-ba6a-1161505d9711/resourceGroups/rg-oslp-prod-002/providers/Microsoft.Web/serverFarms/asp-oslp-prod",
            "site_config": [
              {
                "always_on": true,
                "api_definition_url": "",
                "api_management_api_id": "",
                "app_command_line": "",
                "application_stack": [
                  {
                    "docker_image": "zhengqunkoo/Luxuryshoppingwebsite",
                    "docker_image_name": "",
                    "docker_image_tag": "latest",
                    "docker_registry_password": "",
                    "docker_registry_url": "",
                    "docker_registry_username": "",
                    "dotnet_version": "",
                    "go_version": "",
                    "java_server": "",
                    "java_server_version": "",
                    "java_version": "",
                    "node_version": "",
                    "php_version": "",
                    "python_version": "",
                    "ruby_version": ""
                  }
                ],
                "auto_heal_enabled": false,
                "auto_heal_setting": [],
                "container_registry_managed_identity_client_id": "",
                "container_registry_use_managed_identity": false,
                "cors": [],
                "default_documents": [
                  "Default.htm",
                  "Default.html",
                  "Default.asp",
                  "index.htm",
                  "index.html",
                  "iisstart.htm",
                  "default.aspx",
                  "index.php",
                  "hostingstart.html"
                ],
                "detailed_error_logging_enabled": false,
                "ftps_state": "Disabled",
                "health_check_eviction_time_in_min": 0,
                "health_check_path": "",
                "http2_enabled": false,
                "ip_restriction": [],
                "ip_restriction_default_action": "Allow",
                "linux_fx_version": "DOCKER|zhengqunkoo/Luxuryshoppingwebsite:latest",
                "load_balancing_mode": "LeastRequests",
                "local_mysql_enabled": false,
                "managed_pipeline_mode": "Integrated",
                "minimum_tls_version": "1.2",
                "remote_debugging_enabled": false,
                "remote_debugging_version": "VS2022",
                "scm_ip_restriction": [],
                "scm_ip_restriction_default_action": "Allow",
                "scm_minimum_tls_version": "1.2",
                "scm_type": "None",
                "scm_use_main_ip_restriction": false,
                "use_32_bit_worker": true,
                "vnet_route_all_enabled": false,
                "websockets_enabled": false,
                "worker_count": 1
              }
            ],
            "site_credential": [
              {
                "name": "$app-oslp-prod-002",
                "password": "ojSBrwJ7yzoci5cTRtFTbPiSrE3ZgyCTiek54EqgfrG5AZ6R6xDl7YhXS9gM"
              }
            ],
            "sticky_settings": [],
            "storage_account": [],
            "tags": {},
            "timeouts": null,
            "virtual_network_subnet_id": "",
            "webdeploy_publish_basic_authentication_enabled": true,
            "zip_deploy_file": ""
          },
          "sensitive_attributes": [
            [
              {
                "type": "get_attr",
                "value": "app_settings"
              },
              {
                "type": "index",
                "value": {
                  "value": "DOCKER_REGISTRY_SERVER_PASSWORD",
                  "type": "string"
                }
              }
            ],
            [
              {
                "type": "get_attr",
                "value": "custom_domain_verification_id"
              }
            ],
            [
              {
                "type": "get_attr",
                "value": "site_config"
              },
              {
                "type": "index",
                "value": {
                  "value": 0,
                  "type": "number"
                }
              },
              {
                "type": "get_attr",
                "value": "application_stack"
              },
              {
                "type": "index",
                "value": {
                  "value": 0,
                  "type": "number"
                }
              },
              {
                "type": "get_attr",
                "value": "docker_registry_password"
              }
            ],
            [
              {
                "type": "get_attr",
                "value": "site_credential"
              }
            ]
          ],
          "identity_schema_version": 0,
          "private": "eyJlMmJmYjczMC1lY2FhLTExZTYtOGY4OC0zNDM2M2JjN2M0YzAiOnsiY3JlYXRlIjoxODAwMDAwMDAwMDAwLCJkZWxldGUiOjE4MDAwMDAwMDAwMDAsInJlYWQiOjMwMDAwMDAwMDAwMCwidXBkYXRlIjoxODAwMDAwMDAwMDAwfSwic2NoZW1hX3ZlcnNpb24iOiIxIn0=",
          "dependencies": [
            "azurerm_container_registry.acr",
            "azurerm_resource_group.rg",
            "azurerm_service_plan.plan"
          ]
        }
      ]
    },
    {
      "mode": "managed",
      "type": "azurerm_mssql_database",
      "name": "db",
      "provider": "provider[\"registry.terraform.io/hashicorp/azurerm\"]",
      "instances": [
        {
          "schema_version": 1,
          "attributes": {
            "auto_pause_delay_in_minutes": 0,
            "collation": "SQL_Latin1_General_CP1_CI_AS",
            "create_mode": "Default",
            "creation_source_database_id": null,
            "elastic_pool_id": "",
            "enclave_type": "",
            "geo_backup_enabled": true,
            "id": "/subscriptions/e5e4ae69-1092-492c-ba6a-1161505d9711/resourceGroups/rg-oslp-prod-002/providers/Microsoft.Sql/servers/sql-oslp-prod-001/databases/sqldb-oslp-prod",
            "identity": [],
            "import": [],
            "ledger_enabled": false,
            "license_type": "",
            "long_term_retention_policy": [
              {
                "immutable_backups_enabled": false,
                "monthly_retention": "PT0S",
                "week_of_year": 1,
                "weekly_retention": "PT0S",
                "yearly_retention": "PT0S"
              }
            ],
            "maintenance_configuration_name": "SQL_Default",
            "max_size_gb": 250,
            "min_capacity": 0,
            "name": "sqldb-oslp-prod",
            "read_replica_count": 0,
            "read_scale": false,
            "recover_database_id": null,
            "recovery_point_id": null,
            "restore_dropped_database_id": null,
            "restore_long_term_retention_backup_id": null,
            "restore_point_in_time": null,
            "sample_name": null,
            "secondary_type": "",
            "server_id": "/subscriptions/e5e4ae69-1092-492c-ba6a-1161505d9711/resourceGroups/rg-oslp-prod-002/providers/Microsoft.Sql/servers/sql-oslp-prod-001",
            "short_term_retention_policy": [
              {
                "backup_interval_in_hours": 24,
                "retention_days": 7
              }
            ],
            "sku_name": "S0",
            "storage_account_type": "Geo",
            "tags": {},
            "threat_detection_policy": [
              {
                "disabled_alerts": [],
                "email_account_admins": "Disabled",
                "email_addresses": [],
                "retention_days": 0,
                "state": "Disabled",
                "storage_account_access_key": "",
                "storage_endpoint": ""
              }
            ],
            "timeouts": null,
            "transparent_data_encryption_enabled": true,
            "transparent_data_encryption_key_automatic_rotation_enabled": false,
            "transparent_data_encryption_key_vault_key_id": "",
            "zone_redundant": false
          },
          "sensitive_attributes": [
            [
              {
                "type": "get_attr",
                "value": "threat_detection_policy"
              },
              {
                "type": "index",
                "value": {
                  "value": 0,
                  "type": "number"
                }
              },
              {
                "type": "get_attr",
                "value": "storage_account_access_key"
              }
            ]
          ],
          "identity_schema_version": 0,
          "private": "eyJlMmJmYjczMC1lY2FhLTExZTYtOGY4OC0zNDM2M2JjN2M0YzAiOnsiY3JlYXRlIjozNjAwMDAwMDAwMDAwLCJkZWxldGUiOjM2MDAwMDAwMDAwMDAsInJlYWQiOjMwMDAwMDAwMDAwMCwidXBkYXRlIjozNjAwMDAwMDAwMDAwfSwic2NoZW1hX3ZlcnNpb24iOiIxIn0=",
          "dependencies": [
            "azurerm_mssql_server.sql",
            "azurerm_resource_group.rg"
          ]
        }
      ]
    },
    {
      "mode": "managed",
      "type": "azurerm_mssql_server",
      "name": "sql",
      "provider": "provider[\"registry.terraform.io/hashicorp/azurerm\"]",
      "instances": [
        {
          "schema_version": 0,
          "attributes": {
            "administrator_login": "sqladmin",
            "administrator_login_password": "ChangeThisPassword123!",
            "azuread_administrator": [],
            "connection_policy": "Default",
            "fully_qualified_domain_name": "sql-oslp-prod-001.database.windows.net",
            "id": "/subscriptions/e5e4ae69-1092-492c-ba6a-1161505d9711/resourceGroups/rg-oslp-prod-002/providers/Microsoft.Sql/servers/sql-oslp-prod-001",
            "identity": [],
            "location": "eastasia",
            "minimum_tls_version": "1.2",
            "name": "sql-oslp-prod-001",
            "outbound_network_restriction_enabled": false,
            "primary_user_assigned_identity_id": "",
            "public_network_access_enabled": true,
            "resource_group_name": "rg-oslp-prod-002",
            "restorable_dropped_database_ids": [],
            "tags": {},
            "timeouts": null,
            "transparent_data_encryption_key_vault_key_id": "",
            "version": "12.0"
          },
          "sensitive_attributes": [
            [
              {
                "type": "get_attr",
                "value": "administrator_login_password"
              }
            ]
          ],
          "identity_schema_version": 0,
          "private": "eyJlMmJmYjczMC1lY2FhLTExZTYtOGY4OC0zNDM2M2JjN2M0YzAiOnsiY3JlYXRlIjozNjAwMDAwMDAwMDAwLCJkZWxldGUiOjM2MDAwMDAwMDAwMDAsInJlYWQiOjMwMDAwMDAwMDAwMCwidXBkYXRlIjozNjAwMDAwMDAwMDAwfX0=",
          "dependencies": [
            "azurerm_resource_group.rg"
          ]
        }
      ]
    },
    {
      "mode": "managed",
      "type": "azurerm_resource_group",
      "name": "rg",
      "provider": "provider[\"registry.terraform.io/hashicorp/azurerm\"]",
      "instances": [
        {
          "schema_version": 0,
          "attributes": {
            "id": "/subscriptions/e5e4ae69-1092-492c-ba6a-1161505d9711/resourceGroups/rg-oslp-prod-002",
            "location": "eastasia",
            "managed_by": "",
            "name": "rg-oslp-prod-002",
            "tags": {},
            "timeouts": null
          },
          "sensitive_attributes": [],
          "identity_schema_version": 0,
          "private": "eyJlMmJmYjczMC1lY2FhLTExZTYtOGY4OC0zNDM2M2JjN2M0YzAiOnsiY3JlYXRlIjo1NDAwMDAwMDAwMDAwLCJkZWxldGUiOjU0MDAwMDAwMDAwMDAsInJlYWQiOjMwMDAwMDAwMDAwMCwidXBkYXRlIjo1NDAwMDAwMDAwMDAwfX0="
        }
      ]
    },
    {
      "mode": "managed",
      "type": "azurerm_role_assignment",
      "name": "aks_acr_pull",
      "provider": "provider[\"registry.terraform.io/hashicorp/azurerm\"]",
      "instances": [
        {
          "schema_version": 0,
          "attributes": {
            "condition": "",
            "condition_version": "",
            "delegated_managed_identity_resource_id": "",
            "description": "",
            "id": "/subscriptions/e5e4ae69-1092-492c-ba6a-1161505d9711/resourceGroups/rg-oslp-prod-002/providers/Microsoft.ContainerRegistry/registries/acroslpprod002/providers/Microsoft.Authorization/roleAssignments/f169310b-a877-a609-9cf3-fa8a2247febd",
            "name": "f169310b-a877-a609-9cf3-fa8a2247febd",
            "principal_id": "169bdb30-2617-4a2e-a6dd-db0e73f1fbee",
            "principal_type": "ServicePrincipal",
            "role_definition_id": "/subscriptions/e5e4ae69-1092-492c-ba6a-1161505d9711/providers/Microsoft.Authorization/roleDefinitions/7f951dda-4ed3-4680-a7ca-43fe172d538d",
            "role_definition_name": "AcrPull",
            "scope": "/subscriptions/e5e4ae69-1092-492c-ba6a-1161505d9711/resourceGroups/rg-oslp-prod-002/providers/Microsoft.ContainerRegistry/registries/acroslpprod002",
            "skip_service_principal_aad_check": true,
            "timeouts": null
          },
          "sensitive_attributes": [],
          "identity_schema_version": 0,
          "private": "eyJlMmJmYjczMC1lY2FhLTExZTYtOGY4OC0zNDM2M2JjN2M0YzAiOnsiY3JlYXRlIjoxODAwMDAwMDAwMDAwLCJkZWxldGUiOjE4MDAwMDAwMDAwMDAsInJlYWQiOjMwMDAwMDAwMDAwMH19",
          "dependencies": [
            "azurerm_container_registry.acr",
            "azurerm_kubernetes_cluster.aks",
            "azurerm_resource_group.rg",
            "azurerm_subnet.compute_subnet",
            "azurerm_virtual_network.vnet"
          ]
        }
      ]
    },
    {
      "mode": "managed",
      "type": "azurerm_service_plan",
      "name": "plan",
      "provider": "provider[\"registry.terraform.io/hashicorp/azurerm\"]",
      "instances": [
        {
          "schema_version": 1,
          "attributes": {
            "app_service_environment_id": "",
            "id": "/subscriptions/e5e4ae69-1092-492c-ba6a-1161505d9711/resourceGroups/rg-oslp-prod-002/providers/Microsoft.Web/serverFarms/asp-oslp-prod",
            "kind": "linux",
            "location": "eastasia",
            "maximum_elastic_worker_count": 1,
            "name": "asp-oslp-prod",
            "os_type": "Linux",
            "per_site_scaling_enabled": false,
            "reserved": true,
            "resource_group_name": "rg-oslp-prod-002",
            "sku_name": "B1",
            "tags": {},
            "timeouts": null,
            "worker_count": 1,
            "zone_balancing_enabled": false
          },
          "sensitive_attributes": [],
          "identity_schema_version": 0,
          "private": "eyJlMmJmYjczMC1lY2FhLTExZTYtOGY4OC0zNDM2M2JjN2M0YzAiOnsiY3JlYXRlIjozNjAwMDAwMDAwMDAwLCJkZWxldGUiOjM2MDAwMDAwMDAwMDAsInJlYWQiOjMwMDAwMDAwMDAwMCwidXBkYXRlIjozNjAwMDAwMDAwMDAwfSwic2NoZW1hX3ZlcnNpb24iOiIxIn0=",
          "dependencies": [
            "azurerm_resource_group.rg"
          ]
        }
      ]
    },
    {
      "mode": "managed",
      "type": "azurerm_subnet",
      "name": "compute_subnet",
      "provider": "provider[\"registry.terraform.io/hashicorp/azurerm\"]",
      "instances": [
        {
          "schema_version": 0,
          "attributes": {
            "address_prefixes": [
              "10.0.2.0/24"
            ],
            "default_outbound_access_enabled": true,
            "delegation": [],
            "enforce_private_link_endpoint_network_policies": false,
            "enforce_private_link_service_network_policies": false,
            "id": "/subscriptions/e5e4ae69-1092-492c-ba6a-1161505d9711/resourceGroups/rg-oslp-prod-002/providers/Microsoft.Network/virtualNetworks/vnet-oslp-prod-001/subnets/snet-compute",
            "name": "snet-compute",
            "private_endpoint_network_policies": "Enabled",
            "private_endpoint_network_policies_enabled": true,
            "private_link_service_network_policies_enabled": true,
            "resource_group_name": "rg-oslp-prod-002",
            "service_endpoint_policy_ids": [],
            "service_endpoints": [],
            "timeouts": null,
            "virtual_network_name": "vnet-oslp-prod-001"
          },
          "sensitive_attributes": [],
          "identity_schema_version": 0,
          "private": "eyJlMmJmYjczMC1lY2FhLTExZTYtOGY4OC0zNDM2M2JjN2M0YzAiOnsiY3JlYXRlIjoxODAwMDAwMDAwMDAwLCJkZWxldGUiOjE4MDAwMDAwMDAwMDAsInJlYWQiOjMwMDAwMDAwMDAwMCwidXBkYXRlIjoxODAwMDAwMDAwMDAwfX0=",
          "dependencies": [
            "azurerm_resource_group.rg",
            "azurerm_virtual_network.vnet"
          ]
        }
      ]
    },
    {
      "mode": "managed",
      "type": "azurerm_subnet",
      "name": "ingress_subnet",
      "provider": "provider[\"registry.terraform.io/hashicorp/azurerm\"]",
      "instances": [
        {
          "schema_version": 0,
          "attributes": {
            "address_prefixes": [
              "10.0.1.0/24"
            ],
            "default_outbound_access_enabled": true,
            "delegation": [],
            "enforce_private_link_endpoint_network_policies": false,
            "enforce_private_link_service_network_policies": false,
            "id": "/subscriptions/e5e4ae69-1092-492c-ba6a-1161505d9711/resourceGroups/rg-oslp-prod-002/providers/Microsoft.Network/virtualNetworks/vnet-oslp-prod-001/subnets/snet-ingress",
            "name": "snet-ingress",
            "private_endpoint_network_policies": "Enabled",
            "private_endpoint_network_policies_enabled": true,
            "private_link_service_network_policies_enabled": true,
            "resource_group_name": "rg-oslp-prod-002",
            "service_endpoint_policy_ids": [],
            "service_endpoints": [],
            "timeouts": null,
            "virtual_network_name": "vnet-oslp-prod-001"
          },
          "sensitive_attributes": [],
          "identity_schema_version": 0,
          "private": "eyJlMmJmYjczMC1lY2FhLTExZTYtOGY4OC0zNDM2M2JjN2M0YzAiOnsiY3JlYXRlIjoxODAwMDAwMDAwMDAwLCJkZWxldGUiOjE4MDAwMDAwMDAwMDAsInJlYWQiOjMwMDAwMDAwMDAwMCwidXBkYXRlIjoxODAwMDAwMDAwMDAwfX0=",
          "dependencies": [
            "azurerm_resource_group.rg",
            "azurerm_virtual_network.vnet"
          ]
        }
      ]
    },
    {
      "mode": "managed",
      "type": "azurerm_subnet",
      "name": "paas_subnet",
      "provider": "provider[\"registry.terraform.io/hashicorp/azurerm\"]",
      "instances": [
        {
          "schema_version": 0,
          "attributes": {
            "address_prefixes": [
              "10.0.3.0/24"
            ],
            "default_outbound_access_enabled": true,
            "delegation": [],
            "enforce_private_link_endpoint_network_policies": false,
            "enforce_private_link_service_network_policies": false,
            "id": "/subscriptions/e5e4ae69-1092-492c-ba6a-1161505d9711/resourceGroups/rg-oslp-prod-002/providers/Microsoft.Network/virtualNetworks/vnet-oslp-prod-001/subnets/snet-paas",
            "name": "snet-paas",
            "private_endpoint_network_policies": "Enabled",
            "private_endpoint_network_policies_enabled": true,
            "private_link_service_network_policies_enabled": true,
            "resource_group_name": "rg-oslp-prod-002",
            "service_endpoint_policy_ids": [],
            "service_endpoints": [],
            "timeouts": null,
            "virtual_network_name": "vnet-oslp-prod-001"
          },
          "sensitive_attributes": [],
          "identity_schema_version": 0,
          "private": "eyJlMmJmYjczMC1lY2FhLTExZTYtOGY4OC0zNDM2M2JjN2M0YzAiOnsiY3JlYXRlIjoxODAwMDAwMDAwMDAwLCJkZWxldGUiOjE4MDAwMDAwMDAwMDAsInJlYWQiOjMwMDAwMDAwMDAwMCwidXBkYXRlIjoxODAwMDAwMDAwMDAwfX0=",
          "dependencies": [
            "azurerm_resource_group.rg",
            "azurerm_virtual_network.vnet"
          ]
        }
      ]
    },
    {
      "mode": "managed",
      "type": "azurerm_virtual_network",
      "name": "vnet",
      "provider": "provider[\"registry.terraform.io/hashicorp/azurerm\"]",
      "instances": [
        {
          "schema_version": 0,
          "attributes": {
            "address_space": [
              "10.0.0.0/16"
            ],
            "bgp_community": "",
            "ddos_protection_plan": [],
            "dns_servers": [],
            "edge_zone": "",
            "encryption": [],
            "flow_timeout_in_minutes": 0,
            "guid": "af1ece2e-ffd7-41e1-973e-d74e6014dd33",
            "id": "/subscriptions/e5e4ae69-1092-492c-ba6a-1161505d9711/resourceGroups/rg-oslp-prod-002/providers/Microsoft.Network/virtualNetworks/vnet-oslp-prod-001",
            "location": "eastasia",
            "name": "vnet-oslp-prod-001",
            "resource_group_name": "rg-oslp-prod-002",
            "subnet": [
              {
                "address_prefix": "10.0.1.0/24",
                "id": "/subscriptions/e5e4ae69-1092-492c-ba6a-1161505d9711/resourceGroups/rg-oslp-prod-002/providers/Microsoft.Network/virtualNetworks/vnet-oslp-prod-001/subnets/snet-ingress",
                "name": "snet-ingress",
                "security_group": ""
              },
              {
                "address_prefix": "10.0.2.0/24",
                "id": "/subscriptions/e5e4ae69-1092-492c-ba6a-1161505d9711/resourceGroups/rg-oslp-prod-002/providers/Microsoft.Network/virtualNetworks/vnet-oslp-prod-001/subnets/snet-compute",
                "name": "snet-compute",
                "security_group": ""
              },
              {
                "address_prefix": "10.0.3.0/24",
                "id": "/subscriptions/e5e4ae69-1092-492c-ba6a-1161505d9711/resourceGroups/rg-oslp-prod-002/providers/Microsoft.Network/virtualNetworks/vnet-oslp-prod-001/subnets/snet-paas",
                "name": "snet-paas",
                "security_group": ""
              }
            ],
            "tags": {},
            "timeouts": null
          },
          "sensitive_attributes": [],
          "identity_schema_version": 0,
          "private": "eyJlMmJmYjczMC1lY2FhLTExZTYtOGY4OC0zNDM2M2JjN2M0YzAiOnsiY3JlYXRlIjoxODAwMDAwMDAwMDAwLCJkZWxldGUiOjE4MDAwMDAwMDAwMDAsInJlYWQiOjMwMDAwMDAwMDAwMCwidXBkYXRlIjoxODAwMDAwMDAwMDAwfX0=",
          "dependencies": [
            "azurerm_resource_group.rg"
          ]
        }
      ]
    }
  ],
  "check_results": null
}
